
Microsoft Visual Studio Solution File, Format Version 12.00
# Visual Studio Version 16
VisualStudioVersion = 16.0.30011.22
MinimumVisualStudioVersion = 10.0.40219.1
Project("{FAE04EC0-301F-11D3-BF4B-00C04F79EFBC}") = "BasicApi", "BasicApi.csproj", "{D07321B2-167C-4242-AA76-4065FAD1919E}"
EndProject
Global
	GlobalSection(SolutionConfigurationPlatforms) = preSolution
		Debug|Any CPU = Debug|Any CPU
		Release|Any CPU = Release|Any CPU
	EndGlobalSection
	GlobalSection(ProjectConfigurationPlatforms) = postSolution
		{D07321B2-167C-4242-AA76-4065FAD1919E}.Debug|Any CPU.ActiveCfg = Debug|Any CPU
		{D07321B2-167C-4242-AA76-4065FAD1919E}.Debug|Any CPU.Build.0 = Debug|Any CPU
		{D07321B2-167C-4242-AA76-4065FAD1919E}.Release|Any CPU.ActiveCfg = Release|Any CPU
		{D07321B2-167C-4242-AA76-4065FAD1919E}.Release|Any CPU.Build.0 = Release|Any CPU
	EndGlobalSection
	GlobalSection(SolutionProperties) = preSolution
		HideSolutionNode = FALSE
	EndGlobalSection
	GlobalSection(ExtensibilityGlobals) = postSolution
		SolutionGuid = {AD7E374E-AF62-48F5-8974-D7671852B636}
	EndGlobalSection
EndGlobal
